version = 1

[[bindings]]
doc = "v2/companion/docs/specs/memories.md"
target = "v2/companion/internal/memories/curator.go"
sig = "8b5acc7e2a322ed6"

[[bindings]]
doc = "v2/companion/docs/specs/memories.md"
target = "v2/companion/internal/memories/domain.go"
sig = "33807eaaab4de52f"

[[bindings]]
doc = "v2/companion/docs/specs/memories.md"
target = "v2/companion/internal/memories/handler.go"
sig = "f899420b4cbf723a"

[[bindings]]
doc = "v2/companion/docs/specs/memories.md"
target = "v2/companion/internal/memories/repository.go"
sig = "9ebad54c846281cf"

[[bindings]]
doc = "v2/companion/docs/specs/memories.md"
target = "v2/companion/internal/memories/usecases.go"
sig = "1dd4d3fc56f8d9ca"

[[bindings]]
doc = "v2/companion/docs/specs/memories.md"
target = "v2/companion/internal/runtimeclient/client.go"
sig = "eb934e04127c2f8b"

[[bindings]]
doc = "v2/companion/docs/specs/memories.md"
target = "v2/companion/internal/virployees/runtimecontext/context.go"
sig = "dac0e6477d7ed2b4"

[[bindings]]
doc = "v2/companion/docs/specs/memories.md"
target = "v2/companion/internal/virployees/runtraces/runtraces.go"
sig = "00dd0bdc0dc071de"

[[bindings]]
doc = "v2/companion/docs/specs/memories.md"
target = "v2/companion/internal/virployees/usecases.go"
sig = "f29e61f423d6421f"

[[bindings]]
doc = "v2/companion/docs/specs/memories.md"
target = "v2/companion/migrations/0017_companion_memories.sql"
sig = "87af823eed635b05"

[[bindings]]
doc = "v2/companion/docs/specs/memories.md"
target = "v2/companion/migrations/0031_memory_curation_and_vectors.sql"
sig = "ad13f5a6ee3a9034"

[[bindings]]
doc = "v2/companion/docs/specs/memories.md"
target = "v2/runtime/internal/planner/dto.go"
sig = "a709185bdf684fcc"

[[bindings]]
doc = "v2/companion/docs/specs/memories.md"
target = "v2/runtime/internal/planner/planner.go"
sig = "4af71270c7f8e769"

[[bindings]]
doc = "v2/docs/axis-os.md"
target = "v2/bff/wire/wire.go"
sig = "7812d67659fe193c"

[[bindings]]
doc = "v2/docs/axis-os.md"
target = "v2/companion/wire/wire.go"
sig = "2b9548350fddc88a"

[[bindings]]
doc = "v2/docs/axis-os.md"
target = "v2/nexus/wire/wire.go"
sig = "00652a09b6bb8139"

[[bindings]]
doc = "v2/docs/axis-os.md"
target = "v2/runtime/wire/wire.go"
sig = "c604f08993a660f0"
