version = 1

[[bindings]]
doc = "v2/companion/docs/specs/capabilities.md"
target = "v2/companion/internal/capabilities/conformance.go"
sig = "c0994330a067b934"

[[bindings]]
doc = "v2/companion/docs/specs/capabilities.md"
target = "v2/companion/internal/capabilities/usecases/domain/manifest.go"
sig = "42391a71185db1f8"

[[bindings]]
doc = "v2/companion/docs/specs/grounded-knowledge-and-authority.md"
target = "v2/companion/internal/knowledgebases/domain.go"
sig = "dc188807cbe4ad07"

[[bindings]]
doc = "v2/companion/docs/specs/grounded-knowledge-and-authority.md"
target = "v2/companion/internal/knowledgebases/handler.go"
sig = "d05202f56d43aa93"

[[bindings]]
doc = "v2/companion/docs/specs/grounded-knowledge-and-authority.md"
target = "v2/companion/internal/knowledgebases/repository.go"
sig = "89856b771d597dd0"

[[bindings]]
doc = "v2/companion/docs/specs/grounded-knowledge-and-authority.md"
target = "v2/companion/internal/knowledgebases/retriever.go"
sig = "3aaf9a9f7fc57d46"

[[bindings]]
doc = "v2/companion/docs/specs/grounded-knowledge-and-authority.md"
target = "v2/companion/internal/professionalauthority/domain.go"
sig = "c757cb56203655f6"

[[bindings]]
doc = "v2/companion/docs/specs/grounded-knowledge-and-authority.md"
target = "v2/companion/internal/professionalauthority/usecases.go"
sig = "af70791ff5273cb7"

[[bindings]]
doc = "v2/companion/docs/specs/grounded-knowledge-and-authority.md"
target = "v2/companion/internal/virployees/assist.go"
sig = "98d860e704f01b10"

[[bindings]]
doc = "v2/companion/docs/specs/grounded-knowledge-and-authority.md"
target = "v2/companion/internal/virployees/executiongate/principal.go"
sig = "2c7ec2a3e97a7146"

[[bindings]]
doc = "v2/companion/docs/specs/grounded-knowledge-and-authority.md"
target = "v2/companion/internal/virployees/preparedactions/prepared_action.go"
sig = "9d73b59429dffa52"

[[bindings]]
doc = "v2/companion/docs/specs/grounded-knowledge-and-authority.md"
target = "v2/companion/migrations/0036_subject_knowledge.sql"
sig = "3a8c97d7de9c334a"

[[bindings]]
doc = "v2/companion/docs/specs/grounded-knowledge-and-authority.md"
target = "v2/companion/migrations/0037_professional_authority.sql"
sig = "0abaefe7de5ae1ec"

[[bindings]]
doc = "v2/companion/docs/specs/grounded-knowledge-and-authority.md"
target = "v2/companion/migrations/0038_assist_continuity_binding.sql"
sig = "141e00f9c0d33866"

[[bindings]]
doc = "v2/companion/docs/specs/grounded-knowledge-and-authority.md"
target = "v2/companion/migrations/0039_knowledge_base_classification.sql"
sig = "ed495480e381cf4a"

[[bindings]]
doc = "v2/companion/docs/specs/grounded-knowledge-and-authority.md"
target = "v2/companion/migrations/0043_professional_authority_outbox_constraint.sql"
sig = "1437e4ed679dd703"

[[bindings]]
doc = "v2/companion/docs/specs/grounded-knowledge-and-authority.md"
target = "v2/nexus/migrations/0012_professional_authority_binding.sql"
sig = "4a61902d0e18bcd0"

[[bindings]]
doc = "v2/companion/docs/specs/job-roles.md"
target = "v2/companion/internal/jobroles/usecases/domain/job_role.go"
sig = "67d1839809c78ffb"

[[bindings]]
doc = "v2/companion/docs/specs/job-roles.md"
target = "v2/companion/migrations/0035_workforce_routing.sql"
sig = "c0e444fd88c93395"

[[bindings]]
doc = "v2/companion/docs/specs/mcp-tool-governance.md"
target = "v2/companion/internal/mcpgovernance/handler.go"
sig = "4cd8a5d49e772e00"

[[bindings]]
doc = "v2/companion/docs/specs/mcp-tool-governance.md"
target = "v2/companion/internal/mcpgovernance/repository.go"
sig = "f1e65c4e1d20c4d6"

[[bindings]]
doc = "v2/companion/docs/specs/mcp-tool-governance.md"
target = "v2/companion/internal/mcpgovernance/usecases.go"
sig = "87e15e92a84548e4"

[[bindings]]
doc = "v2/companion/docs/specs/mcp-tool-governance.md"
target = "v2/companion/migrations/0044_mcp_tool_governance.sql"
sig = "2e7a07033dc6fee4"

[[bindings]]
doc = "v2/companion/docs/specs/mcp-tool-governance.md"
target = "v2/companion/wire/mcp.go"
sig = "9d58da7d313dec81"

[[bindings]]
doc = "v2/companion/docs/specs/memories.md"
target = "v2/companion/internal/memories/curator.go"
sig = "083430d8686a5dc9"

[[bindings]]
doc = "v2/companion/docs/specs/memories.md"
target = "v2/companion/internal/memories/domain.go"
sig = "11e23d6a70ca194f"

[[bindings]]
doc = "v2/companion/docs/specs/memories.md"
target = "v2/companion/internal/memories/handler.go"
sig = "63e45f1b2d2b894e"

[[bindings]]
doc = "v2/companion/docs/specs/memories.md"
target = "v2/companion/internal/memories/repository.go"
sig = "774c7176491d783e"

[[bindings]]
doc = "v2/companion/docs/specs/memories.md"
target = "v2/companion/internal/memories/usecases.go"
sig = "f1254014bef7cccc"

[[bindings]]
doc = "v2/companion/docs/specs/memories.md"
target = "v2/companion/internal/runtimeclient/client.go"
sig = "0933d5f9bbddc65a"

[[bindings]]
doc = "v2/companion/docs/specs/memories.md"
target = "v2/companion/internal/virployees/runtimecontext/context.go"
sig = "dac0e6477d7ed2b4"

[[bindings]]
doc = "v2/companion/docs/specs/memories.md"
target = "v2/companion/internal/virployees/runtraces/runtraces.go"
sig = "00dd0bdc0dc071de"

[[bindings]]
doc = "v2/companion/docs/specs/memories.md"
target = "v2/companion/internal/virployees/usecases.go"
sig = "a5ed90154fb4c47e"

[[bindings]]
doc = "v2/companion/docs/specs/memories.md"
target = "v2/companion/migrations/0017_companion_memories.sql"
sig = "87af823eed635b05"

[[bindings]]
doc = "v2/companion/docs/specs/memories.md"
target = "v2/companion/migrations/0031_memory_curation_and_vectors.sql"
sig = "ad13f5a6ee3a9034"

[[bindings]]
doc = "v2/companion/docs/specs/memories.md"
target = "v2/companion/migrations/0036_subject_knowledge.sql"
sig = "3a8c97d7de9c334a"

[[bindings]]
doc = "v2/companion/docs/specs/memories.md"
target = "v2/runtime/internal/planner/dto.go"
sig = "d01bbda5aa1ee1f1"

[[bindings]]
doc = "v2/companion/docs/specs/memories.md"
target = "v2/runtime/internal/planner/planner.go"
sig = "03d7d1afaf51fc26"

[[bindings]]
doc = "v2/companion/docs/specs/virployees-concepts.md"
target = "v2/companion/internal/virployees/usecases/domain/virployee.go"
sig = "1f63d883cec3f260"

[[bindings]]
doc = "v2/companion/docs/specs/virployees.md"
target = "v2/companion/internal/virployees/usecases/domain/virployee.go"
sig = "1f63d883cec3f260"

[[bindings]]
doc = "v2/companion/docs/specs/workforce-routing.md"
target = "v2/companion/internal/virployees/assist.go"
sig = "98d860e704f01b10"

[[bindings]]
doc = "v2/companion/docs/specs/workforce-routing.md"
target = "v2/companion/internal/workforcerouting/domain.go"
sig = "20a0e77855a39271"

[[bindings]]
doc = "v2/companion/docs/specs/workforce-routing.md"
target = "v2/companion/internal/workforcerouting/handler.go"
sig = "d7a7ac95ac49b832"

[[bindings]]
doc = "v2/companion/docs/specs/workforce-routing.md"
target = "v2/companion/internal/workforcerouting/repository.go"
sig = "71f8d2026b9ef9fd"

[[bindings]]
doc = "v2/companion/docs/specs/workforce-routing.md"
target = "v2/companion/migrations/0035_workforce_routing.sql"
sig = "c0e444fd88c93395"

[[bindings]]
doc = "v2/companion/docs/specs/workforce-routing.md"
target = "v2/companion/migrations/0038_assist_continuity_binding.sql"
sig = "141e00f9c0d33866"

[[bindings]]
doc = "v2/docs/advanced-governance.md"
target = "v2/bff/internal/gateway/handler.go"
sig = "28580b91f02c309c"

[[bindings]]
doc = "v2/docs/advanced-governance.md"
target = "v2/companion/internal/professionalauthority/usecases.go"
sig = "af70791ff5273cb7"

[[bindings]]
doc = "v2/docs/advanced-governance.md"
target = "v2/companion/internal/virployees/usecases.go"
sig = "a5ed90154fb4c47e"

[[bindings]]
doc = "v2/docs/advanced-governance.md"
target = "v2/companion/migrations/0045_advanced_professional_delegations.sql"
sig = "911894bebe4a7b55"

[[bindings]]
doc = "v2/docs/advanced-governance.md"
target = "v2/companion/migrations/0046_nexus_policy_prepared_action_binding.sql"
sig = "5d91c14b9b6d1762"

[[bindings]]
doc = "v2/docs/advanced-governance.md"
target = "v2/console/src/GovernancePage.tsx"
sig = "2e7c9e5791b1fcec"

[[bindings]]
doc = "v2/docs/advanced-governance.md"
target = "v2/nexus/internal/authorization/usecases.go"
sig = "feb43cb652ee1d3f"

[[bindings]]
doc = "v2/docs/advanced-governance.md"
target = "v2/nexus/internal/enterpriseops/service.go"
sig = "5c81beb09f088ac8"

[[bindings]]
doc = "v2/docs/advanced-governance.md"
target = "v2/nexus/internal/governance/usecases.go"
sig = "623d42a6522d0517"

[[bindings]]
doc = "v2/docs/advanced-governance.md"
target = "v2/nexus/internal/governancepolicies/evaluator.go"
sig = "ea2db25557d1b515"

[[bindings]]
doc = "v2/docs/advanced-governance.md"
target = "v2/nexus/internal/governancepolicies/usecases.go"
sig = "0a6e752d18a131ec"

[[bindings]]
doc = "v2/docs/advanced-governance.md"
target = "v2/nexus/migrations/0013_advanced_rbac_and_policies.sql"
sig = "d32872de7d3d7236"

[[bindings]]
doc = "v2/docs/advanced-governance.md"
target = "v2/nexus/migrations/0015_governance_authority_context.sql"
sig = "6c43e09b42ba4151"

[[bindings]]
doc = "v2/docs/axis-os.md"
target = "v2/bff/wire/wire.go"
sig = "c9f8657cf47adcbf"

[[bindings]]
doc = "v2/docs/axis-os.md"
target = "v2/companion/internal/capabilities/conformance.go"
sig = "c0994330a067b934"

[[bindings]]
doc = "v2/docs/axis-os.md"
target = "v2/companion/internal/operations/repository.go"
sig = "477f4203ca22ebf6"

[[bindings]]
doc = "v2/docs/axis-os.md"
target = "v2/companion/internal/quotas/repository.go"
sig = "11f5068b4246d1de"

[[bindings]]
doc = "v2/docs/axis-os.md"
target = "v2/companion/wire/wire.go"
sig = "094e16322481f498"

[[bindings]]
doc = "v2/docs/axis-os.md"
target = "v2/console/src/OperationsPage.tsx"
sig = "80b9f8c70b80ec21"

[[bindings]]
doc = "v2/docs/axis-os.md"
target = "v2/nexus/internal/enterpriseops/service.go"
sig = "5c81beb09f088ac8"

[[bindings]]
doc = "v2/docs/axis-os.md"
target = "v2/nexus/wire/wire.go"
sig = "b7e69ca2d7c10c7c"

[[bindings]]
doc = "v2/docs/axis-os.md"
target = "v2/runtime/wire/wire.go"
sig = "6260e730f93aabd4"
