version = 1

[[bindings]]
doc = "v2/companion/docs/specs/memories.md"
target = "v2/companion/internal/memories/domain.go"
sig = "371a73fc18177b59"

[[bindings]]
doc = "v2/companion/docs/specs/memories.md"
target = "v2/companion/internal/memories/handler.go"
sig = "b22621816837edf5"

[[bindings]]
doc = "v2/companion/docs/specs/memories.md"
target = "v2/companion/internal/memories/repository.go"
sig = "e6c2b36cbfef32bf"

[[bindings]]
doc = "v2/companion/docs/specs/memories.md"
target = "v2/companion/internal/virployees/runtraces/runtraces.go"
sig = "00dd0bdc0dc071de"

[[bindings]]
doc = "v2/companion/docs/specs/memories.md"
target = "v2/companion/migrations/0017_companion_memories.sql"
sig = "87af823eed635b05"
